
Microsoft Visual Studio Solution File, Format Version 12.00
# Visual Studio Version 17
VisualStudioVersion = 17.9.34728.123
MinimumVisualStudioVersion = 10.0.40219.1
Project("{9A19103F-16F7-4668-BE54-9A1E7A4F7556}") = "traDotNetCore.ConsoleApp", "traDotNetCore.ConsoleApp\traDotNetCore.ConsoleApp.csproj", "{66344293-F771-4DE6-A97B-E3D722A24469}"
EndProject
Project("{2150E333-8FDC-42A3-9474-1A3956D46DE8}") = "Documents", "Documents", "{71D33ED1-F4EF-48BD-9E3F-EDCA12C7E1A7}"
	ProjectSection(SolutionItems) = preProject
		README.md = README.md
	EndProjectSection
EndProject
Project("{FAE04EC0-301F-11D3-BF4B-00C04F79EFBC}") = "traDotnetTrainingBatch5.RestAPI", "traDotnetTrainingBatch5.RestAPI\traDotnetTrainingBatch5.RestAPI.csproj", "{A5A887DF-E2B7-4D4D-A96C-F4F5D23602E1}"
EndProject
Global
	GlobalSection(SolutionConfigurationPlatforms) = preSolution
		Debug|Any CPU = Debug|Any CPU
		Release|Any CPU = Release|Any CPU
	EndGlobalSection
	GlobalSection(ProjectConfigurationPlatforms) = postSolution
		{66344293-F771-4DE6-A97B-E3D722A24469}.Debug|Any CPU.ActiveCfg = Debug|Any CPU
		{66344293-F771-4DE6-A97B-E3D722A24469}.Debug|Any CPU.Build.0 = Debug|Any CPU
		{66344293-F771-4DE6-A97B-E3D722A24469}.Release|Any CPU.ActiveCfg = Release|Any CPU
		{66344293-F771-4DE6-A97B-E3D722A24469}.Release|Any CPU.Build.0 = Release|Any CPU
		{A5A887DF-E2B7-4D4D-A96C-F4F5D23602E1}.Debug|Any CPU.ActiveCfg = Debug|Any CPU
		{A5A887DF-E2B7-4D4D-A96C-F4F5D23602E1}.Debug|Any CPU.Build.0 = Debug|Any CPU
		{A5A887DF-E2B7-4D4D-A96C-F4F5D23602E1}.Release|Any CPU.ActiveCfg = Release|Any CPU
		{A5A887DF-E2B7-4D4D-A96C-F4F5D23602E1}.Release|Any CPU.Build.0 = Release|Any CPU
	EndGlobalSection
	GlobalSection(SolutionProperties) = preSolution
		HideSolutionNode = FALSE
	EndGlobalSection
	GlobalSection(ExtensibilityGlobals) = postSolution
		SolutionGuid = {26DE019A-8604-40AA-8742-7355859C4CF8}
	EndGlobalSection
EndGlobal
