
Microsoft Visual Studio Solution File, Format Version 12.00
# Visual Studio Version 17
VisualStudioVersion = 17.9.34728.123
MinimumVisualStudioVersion = 10.0.40219.1
Project("{9A19103F-16F7-4668-BE54-9A1E7A4F7556}") = "traDotNetCore.ConsoleApp", "traDotNetCore.ConsoleApp\traDotNetCore.ConsoleApp.csproj", "{66344293-F771-4DE6-A97B-E3D722A24469}"
EndProject
Project("{2150E333-8FDC-42A3-9474-1A3956D46DE8}") = "Documents", "Documents", "{71D33ED1-F4EF-48BD-9E3F-EDCA12C7E1A7}"
	ProjectSection(SolutionItems) = preProject
		README.md = README.md
	EndProjectSection
EndProject
Project("{9A19103F-16F7-4668-BE54-9A1E7A4F7556}") = "DotNetBatch5.Database", "DotNetBatch5.Database\DotNetBatch5.Database.csproj", "{EC14E88B-ED15-42AE-908A-C1B060E7F7C2}"
EndProject
Project("{9A19103F-16F7-4668-BE54-9A1E7A4F7556}") = "DotNetTrainingBatch5.Console2", "DotNetTrainingBatch5.Console2\DotNetTrainingBatch5.Console2.csproj", "{A9D60C12-7F90-4A29-ACB9-982ADBFFF120}"
EndProject
Project("{9A19103F-16F7-4668-BE54-9A1E7A4F7556}") = "DotNetBatch5.RestAPI", "DotNetBatch5.RestAPI\DotNetBatch5.RestAPI.csproj", "{E571F158-6EC9-4B93-AF49-5E04C64D8EFD}"
EndProject
Project("{9A19103F-16F7-4668-BE54-9A1E7A4F7556}") = "ToDoListShell.ConsoleApp", "ToDoListShell.ConsoleApp\ToDoListShell.ConsoleApp.csproj", "{DEA91A65-84A6-4FC5-AA24-F8E27BE7AC42}"
EndProject
Project("{9A19103F-16F7-4668-BE54-9A1E7A4F7556}") = "ToDoList.Database", "ToDoList.Database\ToDoList.Database.csproj", "{4D1E1D15-CA27-4B41-9ADE-02B75B0F58C6}"
EndProject
Project("{9A19103F-16F7-4668-BE54-9A1E7A4F7556}") = "ToDoList.RestAPI", "ToDoList.RestAPI\ToDoList.RestAPI.csproj", "{B9087E21-30C2-4052-9F14-A7F92BB47DD3}"
EndProject
Project("{2150E333-8FDC-42A3-9474-1A3956D46DE8}") = "ToDoList", "ToDoList", "{99F71510-9741-4478-A083-5219402D5195}"
EndProject
Project("{9A19103F-16F7-4668-BE54-9A1E7A4F7556}") = "TraDotNetCore.Shared", "TraDotNetCore.Shared\TraDotNetCore.Shared.csproj", "{852ACFE6-F8C3-48EA-B350-43B68C0D0C15}"
EndProject
Project("{9A19103F-16F7-4668-BE54-9A1E7A4F7556}") = "TraBlogDotNet_Service.RestAPI", "TraDotNet_Service.RestAPI\TraBlogDotNet_Service.RestAPI.csproj", "{EB93FAA7-F1A6-4BC1-BD74-BACB0658B639}"
EndProject
Project("{9A19103F-16F7-4668-BE54-9A1E7A4F7556}") = "DotNetTraining.MinimalAPI", "DotNetTraining.MinimalAPI\DotNetTraining.MinimalAPI.csproj", "{DB373AA3-902E-4A64-B758-F2797A6DA92C}"
EndProject
Project("{9A19103F-16F7-4668-BE54-9A1E7A4F7556}") = "Drug_classification_DotNetCore.MinimalAPI", "Drug_classification_DotNetCore.MinimalAPI\Drug_classification_DotNetCore.MinimalAPI.csproj", "{5CB2F69E-5B8B-411B-9C1C-47FB8DC0F5D8}"
EndProject
Project("{2150E333-8FDC-42A3-9474-1A3956D46DE8}") = "K-Pay", "K-Pay", "{AE3C28F4-3A82-4A0E-AD47-EF9A2A1AA55C}"
EndProject
Project("{9A19103F-16F7-4668-BE54-9A1E7A4F7556}") = "KBZPayDotNetCore.ConsoleApp", "KBZPayDotNetCore.ConsoleApp\KBZPayDotNetCore.ConsoleApp.csproj", "{D2A74D13-7AFB-41FB-9D53-2B9959744927}"
EndProject
Project("{9A19103F-16F7-4668-BE54-9A1E7A4F7556}") = "DotNetCoreTraining.Domain", "DotNetCoreTraining.Domain\DotNetCoreTraining.Domain.csproj", "{08BEB1BC-0CAD-41CA-94DE-FC6CC0A79A6C}"
EndProject
Project("{2150E333-8FDC-42A3-9474-1A3956D46DE8}") = "Drugs", "Drugs", "{3239D18A-70BB-4B2D-A125-0DE34C9A55D0}"
EndProject
Project("{9A19103F-16F7-4668-BE54-9A1E7A4F7556}") = "TRADotNetCore.miniKpay.Database", "KPayEfcore.Database\TRADotNetCore.miniKpay.Database.csproj", "{DBEBD094-BFEC-4BC4-A310-B283FEFC7AAF}"
EndProject
Project("{9A19103F-16F7-4668-BE54-9A1E7A4F7556}") = "TRADotNetCore.miniKpay.Domain", "KpayDotNet.Domain\TRADotNetCore.miniKpay.Domain.csproj", "{73111338-24C0-4322-A716-5B3F06F00AB2}"
EndProject
Project("{9A19103F-16F7-4668-BE54-9A1E7A4F7556}") = "KpayDotNet.MinimalAPI", "KpayDotNet.MinimalAPI\KpayDotNet.MinimalAPI.csproj", "{018B4F37-95BA-4125-ACF7-5B21DB307D3A}"
EndProject
Project("{2150E333-8FDC-42A3-9474-1A3956D46DE8}") = "POS", "POS", "{5F6A527A-A859-416E-B38D-5A4B1EB398E4}"
EndProject
Project("{9A19103F-16F7-4668-BE54-9A1E7A4F7556}") = "TRADotNetCore.POS.Database", "TRADotNetCore.POS.Database\TRADotNetCore.POS.Database.csproj", "{89AA344B-7A73-4880-87C1-1C7ED2038302}"
EndProject
Project("{9A19103F-16F7-4668-BE54-9A1E7A4F7556}") = "TRADotNetCore.POS.Domain", "TRADotNetCore.POS.Domain\TRADotNetCore.POS.Domain.csproj", "{8F5A8627-D46F-4C76-B2F9-83E99C14F065}"
EndProject
Project("{9A19103F-16F7-4668-BE54-9A1E7A4F7556}") = "TRADotNetCore.POS.RestAPI", "TRADotNetCore.POS.RestAPI\TRADotNetCore.POS.RestAPI.csproj", "{03FCEB7F-62C5-439F-B51E-A2123E5E6CE6}"
EndProject
Project("{2150E333-8FDC-42A3-9474-1A3956D46DE8}") = "DotNetCoreTraining", "DotNetCoreTraining", "{B8A920A3-A772-42C9-9A24-BC1114DB671D}"
EndProject
Project("{9A19103F-16F7-4668-BE54-9A1E7A4F7556}") = "TRADotNetCore.miniKpay.RestApi", "DotNetCore.miniKpay.RestApi\TRADotNetCore.miniKpay.RestApi.csproj", "{BD2D3957-6B53-4BB8-ACA5-AEAC6FF061BB}"
EndProject
Project("{9A19103F-16F7-4668-BE54-9A1E7A4F7556}") = "DotNetTraining.TRA.ConsoleApp3", "DotNetTraining.TRA.ConsoleApp3\DotNetTraining.TRA.ConsoleApp3.csproj", "{54137B3C-2FC3-4E70-94AB-6C9079CCEE3F}"
EndProject
Project("{9A19103F-16F7-4668-BE54-9A1E7A4F7556}") = "DotNetCore.DependencyInjection.TRA.RestApi2", "DotNetCore.DependencyInjection.TRA.RestApi2\DotNetCore.DependencyInjection.TRA.RestApi2.csproj", "{C1990698-AFB1-479C-A1C6-B6AA35AA724A}"
EndProject
Project("{2150E333-8FDC-42A3-9474-1A3956D46DE8}") = "DigitalWallet", "DigitalWallet", "{C637D23E-3641-40B2-85D3-99A402C8D38C}"
EndProject
Project("{FAE04EC0-301F-11D3-BF4B-00C04F79EFBC}") = "TRADotNetBatch5.miniDigitalWallet.Transaction.MinimalAPI", "DotNetTrainingBatch5.miniDigitalWallet.Transaction.MinimalAPI\TRADotNetBatch5.miniDigitalWallet.Transaction.MinimalAPI.csproj", "{F4846903-A191-453E-87FB-69902C7ABA22}"
EndProject
Project("{FAE04EC0-301F-11D3-BF4B-00C04F79EFBC}") = "TRADotNetBatch5.miniDigitalWallet.Database", "TRADotNetBatch5.miniDigitalWallet.Database\TRADotNetBatch5.miniDigitalWallet.Database.csproj", "{BB58DD72-F9C3-46CB-A165-473FE873526E}"
EndProject
Global
	GlobalSection(SolutionConfigurationPlatforms) = preSolution
		Debug|Any CPU = Debug|Any CPU
		Release|Any CPU = Release|Any CPU
	EndGlobalSection
	GlobalSection(ProjectConfigurationPlatforms) = postSolution
		{66344293-F771-4DE6-A97B-E3D722A24469}.Debug|Any CPU.ActiveCfg = Debug|Any CPU
		{66344293-F771-4DE6-A97B-E3D722A24469}.Debug|Any CPU.Build.0 = Debug|Any CPU
		{66344293-F771-4DE6-A97B-E3D722A24469}.Release|Any CPU.ActiveCfg = Release|Any CPU
		{66344293-F771-4DE6-A97B-E3D722A24469}.Release|Any CPU.Build.0 = Release|Any CPU
		{EC14E88B-ED15-42AE-908A-C1B060E7F7C2}.Debug|Any CPU.ActiveCfg = Debug|Any CPU
		{EC14E88B-ED15-42AE-908A-C1B060E7F7C2}.Debug|Any CPU.Build.0 = Debug|Any CPU
		{EC14E88B-ED15-42AE-908A-C1B060E7F7C2}.Release|Any CPU.ActiveCfg = Release|Any CPU
		{EC14E88B-ED15-42AE-908A-C1B060E7F7C2}.Release|Any CPU.Build.0 = Release|Any CPU
		{A9D60C12-7F90-4A29-ACB9-982ADBFFF120}.Debug|Any CPU.ActiveCfg = Debug|Any CPU
		{A9D60C12-7F90-4A29-ACB9-982ADBFFF120}.Debug|Any CPU.Build.0 = Debug|Any CPU
		{A9D60C12-7F90-4A29-ACB9-982ADBFFF120}.Release|Any CPU.ActiveCfg = Release|Any CPU
		{A9D60C12-7F90-4A29-ACB9-982ADBFFF120}.Release|Any CPU.Build.0 = Release|Any CPU
		{E571F158-6EC9-4B93-AF49-5E04C64D8EFD}.Debug|Any CPU.ActiveCfg = Debug|Any CPU
		{E571F158-6EC9-4B93-AF49-5E04C64D8EFD}.Debug|Any CPU.Build.0 = Debug|Any CPU
		{E571F158-6EC9-4B93-AF49-5E04C64D8EFD}.Release|Any CPU.ActiveCfg = Release|Any CPU
		{E571F158-6EC9-4B93-AF49-5E04C64D8EFD}.Release|Any CPU.Build.0 = Release|Any CPU
		{DEA91A65-84A6-4FC5-AA24-F8E27BE7AC42}.Debug|Any CPU.ActiveCfg = Debug|Any CPU
		{DEA91A65-84A6-4FC5-AA24-F8E27BE7AC42}.Debug|Any CPU.Build.0 = Debug|Any CPU
		{DEA91A65-84A6-4FC5-AA24-F8E27BE7AC42}.Release|Any CPU.ActiveCfg = Release|Any CPU
		{DEA91A65-84A6-4FC5-AA24-F8E27BE7AC42}.Release|Any CPU.Build.0 = Release|Any CPU
		{4D1E1D15-CA27-4B41-9ADE-02B75B0F58C6}.Debug|Any CPU.ActiveCfg = Debug|Any CPU
		{4D1E1D15-CA27-4B41-9ADE-02B75B0F58C6}.Debug|Any CPU.Build.0 = Debug|Any CPU
		{4D1E1D15-CA27-4B41-9ADE-02B75B0F58C6}.Release|Any CPU.ActiveCfg = Release|Any CPU
		{4D1E1D15-CA27-4B41-9ADE-02B75B0F58C6}.Release|Any CPU.Build.0 = Release|Any CPU
		{B9087E21-30C2-4052-9F14-A7F92BB47DD3}.Debug|Any CPU.ActiveCfg = Debug|Any CPU
		{B9087E21-30C2-4052-9F14-A7F92BB47DD3}.Debug|Any CPU.Build.0 = Debug|Any CPU
		{B9087E21-30C2-4052-9F14-A7F92BB47DD3}.Release|Any CPU.ActiveCfg = Release|Any CPU
		{B9087E21-30C2-4052-9F14-A7F92BB47DD3}.Release|Any CPU.Build.0 = Release|Any CPU
		{852ACFE6-F8C3-48EA-B350-43B68C0D0C15}.Debug|Any CPU.ActiveCfg = Debug|Any CPU
		{852ACFE6-F8C3-48EA-B350-43B68C0D0C15}.Debug|Any CPU.Build.0 = Debug|Any CPU
		{852ACFE6-F8C3-48EA-B350-43B68C0D0C15}.Release|Any CPU.ActiveCfg = Release|Any CPU
		{852ACFE6-F8C3-48EA-B350-43B68C0D0C15}.Release|Any CPU.Build.0 = Release|Any CPU
		{EB93FAA7-F1A6-4BC1-BD74-BACB0658B639}.Debug|Any CPU.ActiveCfg = Debug|Any CPU
		{EB93FAA7-F1A6-4BC1-BD74-BACB0658B639}.Debug|Any CPU.Build.0 = Debug|Any CPU
		{EB93FAA7-F1A6-4BC1-BD74-BACB0658B639}.Release|Any CPU.ActiveCfg = Release|Any CPU
		{EB93FAA7-F1A6-4BC1-BD74-BACB0658B639}.Release|Any CPU.Build.0 = Release|Any CPU
		{DB373AA3-902E-4A64-B758-F2797A6DA92C}.Debug|Any CPU.ActiveCfg = Debug|Any CPU
		{DB373AA3-902E-4A64-B758-F2797A6DA92C}.Debug|Any CPU.Build.0 = Debug|Any CPU
		{DB373AA3-902E-4A64-B758-F2797A6DA92C}.Release|Any CPU.ActiveCfg = Release|Any CPU
		{DB373AA3-902E-4A64-B758-F2797A6DA92C}.Release|Any CPU.Build.0 = Release|Any CPU
		{5CB2F69E-5B8B-411B-9C1C-47FB8DC0F5D8}.Debug|Any CPU.ActiveCfg = Debug|Any CPU
		{5CB2F69E-5B8B-411B-9C1C-47FB8DC0F5D8}.Debug|Any CPU.Build.0 = Debug|Any CPU
		{5CB2F69E-5B8B-411B-9C1C-47FB8DC0F5D8}.Release|Any CPU.ActiveCfg = Release|Any CPU
		{5CB2F69E-5B8B-411B-9C1C-47FB8DC0F5D8}.Release|Any CPU.Build.0 = Release|Any CPU
		{D2A74D13-7AFB-41FB-9D53-2B9959744927}.Debug|Any CPU.ActiveCfg = Debug|Any CPU
		{D2A74D13-7AFB-41FB-9D53-2B9959744927}.Debug|Any CPU.Build.0 = Debug|Any CPU
		{D2A74D13-7AFB-41FB-9D53-2B9959744927}.Release|Any CPU.ActiveCfg = Release|Any CPU
		{D2A74D13-7AFB-41FB-9D53-2B9959744927}.Release|Any CPU.Build.0 = Release|Any CPU
		{08BEB1BC-0CAD-41CA-94DE-FC6CC0A79A6C}.Debug|Any CPU.ActiveCfg = Debug|Any CPU
		{08BEB1BC-0CAD-41CA-94DE-FC6CC0A79A6C}.Debug|Any CPU.Build.0 = Debug|Any CPU
		{08BEB1BC-0CAD-41CA-94DE-FC6CC0A79A6C}.Release|Any CPU.ActiveCfg = Release|Any CPU
		{08BEB1BC-0CAD-41CA-94DE-FC6CC0A79A6C}.Release|Any CPU.Build.0 = Release|Any CPU
		{DBEBD094-BFEC-4BC4-A310-B283FEFC7AAF}.Debug|Any CPU.ActiveCfg = Debug|Any CPU
		{DBEBD094-BFEC-4BC4-A310-B283FEFC7AAF}.Debug|Any CPU.Build.0 = Debug|Any CPU
		{DBEBD094-BFEC-4BC4-A310-B283FEFC7AAF}.Release|Any CPU.ActiveCfg = Release|Any CPU
		{DBEBD094-BFEC-4BC4-A310-B283FEFC7AAF}.Release|Any CPU.Build.0 = Release|Any CPU
		{73111338-24C0-4322-A716-5B3F06F00AB2}.Debug|Any CPU.ActiveCfg = Debug|Any CPU
		{73111338-24C0-4322-A716-5B3F06F00AB2}.Debug|Any CPU.Build.0 = Debug|Any CPU
		{73111338-24C0-4322-A716-5B3F06F00AB2}.Release|Any CPU.ActiveCfg = Release|Any CPU
		{73111338-24C0-4322-A716-5B3F06F00AB2}.Release|Any CPU.Build.0 = Release|Any CPU
		{018B4F37-95BA-4125-ACF7-5B21DB307D3A}.Debug|Any CPU.ActiveCfg = Debug|Any CPU
		{018B4F37-95BA-4125-ACF7-5B21DB307D3A}.Debug|Any CPU.Build.0 = Debug|Any CPU
		{018B4F37-95BA-4125-ACF7-5B21DB307D3A}.Release|Any CPU.ActiveCfg = Release|Any CPU
		{018B4F37-95BA-4125-ACF7-5B21DB307D3A}.Release|Any CPU.Build.0 = Release|Any CPU
		{89AA344B-7A73-4880-87C1-1C7ED2038302}.Debug|Any CPU.ActiveCfg = Debug|Any CPU
		{89AA344B-7A73-4880-87C1-1C7ED2038302}.Debug|Any CPU.Build.0 = Debug|Any CPU
		{89AA344B-7A73-4880-87C1-1C7ED2038302}.Release|Any CPU.ActiveCfg = Release|Any CPU
		{89AA344B-7A73-4880-87C1-1C7ED2038302}.Release|Any CPU.Build.0 = Release|Any CPU
		{8F5A8627-D46F-4C76-B2F9-83E99C14F065}.Debug|Any CPU.ActiveCfg = Debug|Any CPU
		{8F5A8627-D46F-4C76-B2F9-83E99C14F065}.Debug|Any CPU.Build.0 = Debug|Any CPU
		{8F5A8627-D46F-4C76-B2F9-83E99C14F065}.Release|Any CPU.ActiveCfg = Release|Any CPU
		{8F5A8627-D46F-4C76-B2F9-83E99C14F065}.Release|Any CPU.Build.0 = Release|Any CPU
		{03FCEB7F-62C5-439F-B51E-A2123E5E6CE6}.Debug|Any CPU.ActiveCfg = Debug|Any CPU
		{03FCEB7F-62C5-439F-B51E-A2123E5E6CE6}.Debug|Any CPU.Build.0 = Debug|Any CPU
		{03FCEB7F-62C5-439F-B51E-A2123E5E6CE6}.Release|Any CPU.ActiveCfg = Release|Any CPU
		{03FCEB7F-62C5-439F-B51E-A2123E5E6CE6}.Release|Any CPU.Build.0 = Release|Any CPU
		{BD2D3957-6B53-4BB8-ACA5-AEAC6FF061BB}.Debug|Any CPU.ActiveCfg = Debug|Any CPU
		{BD2D3957-6B53-4BB8-ACA5-AEAC6FF061BB}.Debug|Any CPU.Build.0 = Debug|Any CPU
		{BD2D3957-6B53-4BB8-ACA5-AEAC6FF061BB}.Release|Any CPU.ActiveCfg = Release|Any CPU
		{BD2D3957-6B53-4BB8-ACA5-AEAC6FF061BB}.Release|Any CPU.Build.0 = Release|Any CPU
		{54137B3C-2FC3-4E70-94AB-6C9079CCEE3F}.Debug|Any CPU.ActiveCfg = Debug|Any CPU
		{54137B3C-2FC3-4E70-94AB-6C9079CCEE3F}.Debug|Any CPU.Build.0 = Debug|Any CPU
		{54137B3C-2FC3-4E70-94AB-6C9079CCEE3F}.Release|Any CPU.ActiveCfg = Release|Any CPU
		{54137B3C-2FC3-4E70-94AB-6C9079CCEE3F}.Release|Any CPU.Build.0 = Release|Any CPU
		{C1990698-AFB1-479C-A1C6-B6AA35AA724A}.Debug|Any CPU.ActiveCfg = Debug|Any CPU
		{C1990698-AFB1-479C-A1C6-B6AA35AA724A}.Debug|Any CPU.Build.0 = Debug|Any CPU
		{C1990698-AFB1-479C-A1C6-B6AA35AA724A}.Release|Any CPU.ActiveCfg = Release|Any CPU
		{C1990698-AFB1-479C-A1C6-B6AA35AA724A}.Release|Any CPU.Build.0 = Release|Any CPU
		{F4846903-A191-453E-87FB-69902C7ABA22}.Debug|Any CPU.ActiveCfg = Debug|Any CPU
		{F4846903-A191-453E-87FB-69902C7ABA22}.Debug|Any CPU.Build.0 = Debug|Any CPU
		{F4846903-A191-453E-87FB-69902C7ABA22}.Release|Any CPU.ActiveCfg = Release|Any CPU
		{F4846903-A191-453E-87FB-69902C7ABA22}.Release|Any CPU.Build.0 = Release|Any CPU
		{BB58DD72-F9C3-46CB-A165-473FE873526E}.Debug|Any CPU.ActiveCfg = Debug|Any CPU
		{BB58DD72-F9C3-46CB-A165-473FE873526E}.Debug|Any CPU.Build.0 = Debug|Any CPU
		{BB58DD72-F9C3-46CB-A165-473FE873526E}.Release|Any CPU.ActiveCfg = Release|Any CPU
		{BB58DD72-F9C3-46CB-A165-473FE873526E}.Release|Any CPU.Build.0 = Release|Any CPU
	EndGlobalSection
	GlobalSection(SolutionProperties) = preSolution
		HideSolutionNode = FALSE
	EndGlobalSection
	GlobalSection(NestedProjects) = preSolution
		{66344293-F771-4DE6-A97B-E3D722A24469} = {B8A920A3-A772-42C9-9A24-BC1114DB671D}
		{EC14E88B-ED15-42AE-908A-C1B060E7F7C2} = {B8A920A3-A772-42C9-9A24-BC1114DB671D}
		{A9D60C12-7F90-4A29-ACB9-982ADBFFF120} = {B8A920A3-A772-42C9-9A24-BC1114DB671D}
		{E571F158-6EC9-4B93-AF49-5E04C64D8EFD} = {B8A920A3-A772-42C9-9A24-BC1114DB671D}
		{DEA91A65-84A6-4FC5-AA24-F8E27BE7AC42} = {99F71510-9741-4478-A083-5219402D5195}
		{4D1E1D15-CA27-4B41-9ADE-02B75B0F58C6} = {99F71510-9741-4478-A083-5219402D5195}
		{B9087E21-30C2-4052-9F14-A7F92BB47DD3} = {99F71510-9741-4478-A083-5219402D5195}
		{852ACFE6-F8C3-48EA-B350-43B68C0D0C15} = {B8A920A3-A772-42C9-9A24-BC1114DB671D}
		{EB93FAA7-F1A6-4BC1-BD74-BACB0658B639} = {B8A920A3-A772-42C9-9A24-BC1114DB671D}
		{DB373AA3-902E-4A64-B758-F2797A6DA92C} = {B8A920A3-A772-42C9-9A24-BC1114DB671D}
		{5CB2F69E-5B8B-411B-9C1C-47FB8DC0F5D8} = {3239D18A-70BB-4B2D-A125-0DE34C9A55D0}
		{D2A74D13-7AFB-41FB-9D53-2B9959744927} = {AE3C28F4-3A82-4A0E-AD47-EF9A2A1AA55C}
		{08BEB1BC-0CAD-41CA-94DE-FC6CC0A79A6C} = {B8A920A3-A772-42C9-9A24-BC1114DB671D}
		{DBEBD094-BFEC-4BC4-A310-B283FEFC7AAF} = {AE3C28F4-3A82-4A0E-AD47-EF9A2A1AA55C}
		{73111338-24C0-4322-A716-5B3F06F00AB2} = {AE3C28F4-3A82-4A0E-AD47-EF9A2A1AA55C}
		{018B4F37-95BA-4125-ACF7-5B21DB307D3A} = {AE3C28F4-3A82-4A0E-AD47-EF9A2A1AA55C}
		{89AA344B-7A73-4880-87C1-1C7ED2038302} = {5F6A527A-A859-416E-B38D-5A4B1EB398E4}
		{8F5A8627-D46F-4C76-B2F9-83E99C14F065} = {5F6A527A-A859-416E-B38D-5A4B1EB398E4}
		{03FCEB7F-62C5-439F-B51E-A2123E5E6CE6} = {5F6A527A-A859-416E-B38D-5A4B1EB398E4}
		{BD2D3957-6B53-4BB8-ACA5-AEAC6FF061BB} = {AE3C28F4-3A82-4A0E-AD47-EF9A2A1AA55C}
		{54137B3C-2FC3-4E70-94AB-6C9079CCEE3F} = {B8A920A3-A772-42C9-9A24-BC1114DB671D}
		{C1990698-AFB1-479C-A1C6-B6AA35AA724A} = {B8A920A3-A772-42C9-9A24-BC1114DB671D}
		{F4846903-A191-453E-87FB-69902C7ABA22} = {C637D23E-3641-40B2-85D3-99A402C8D38C}
		{BB58DD72-F9C3-46CB-A165-473FE873526E} = {C637D23E-3641-40B2-85D3-99A402C8D38C}
	EndGlobalSection
	GlobalSection(ExtensibilityGlobals) = postSolution
		SolutionGuid = {26DE019A-8604-40AA-8742-7355859C4CF8}
	EndGlobalSection
EndGlobal
