
Microsoft Visual Studio Solution File, Format Version 12.00
# Visual Studio Version 17
VisualStudioVersion = 17.9.34728.123
MinimumVisualStudioVersion = 10.0.40219.1
Project("{9A19103F-16F7-4668-BE54-9A1E7A4F7556}") = "traDotNetCore.ConsoleApp", "traDotNetCore.ConsoleApp\traDotNetCore.ConsoleApp.csproj", "{66344293-F771-4DE6-A97B-E3D722A24469}"
EndProject
Project("{2150E333-8FDC-42A3-9474-1A3956D46DE8}") = "Documents", "Documents", "{71D33ED1-F4EF-48BD-9E3F-EDCA12C7E1A7}"
	ProjectSection(SolutionItems) = preProject
		README.md = README.md
	EndProjectSection
EndProject
Project("{9A19103F-16F7-4668-BE54-9A1E7A4F7556}") = "DotNetBatch5.Database", "DotNetBatch5.Database\DotNetBatch5.Database.csproj", "{EC14E88B-ED15-42AE-908A-C1B060E7F7C2}"
EndProject
Project("{9A19103F-16F7-4668-BE54-9A1E7A4F7556}") = "DotNetTrainingBatch5.Console2", "DotNetTrainingBatch5.Console2\DotNetTrainingBatch5.Console2.csproj", "{A9D60C12-7F90-4A29-ACB9-982ADBFFF120}"
EndProject
Project("{9A19103F-16F7-4668-BE54-9A1E7A4F7556}") = "DotNetBatch5.RestAPI", "DotNetBatch5.RestAPI\DotNetBatch5.RestAPI.csproj", "{E571F158-6EC9-4B93-AF49-5E04C64D8EFD}"
EndProject
Project("{9A19103F-16F7-4668-BE54-9A1E7A4F7556}") = "ToDoListShell.ConsoleApp", "ToDoListShell.ConsoleApp\ToDoListShell.ConsoleApp.csproj", "{DEA91A65-84A6-4FC5-AA24-F8E27BE7AC42}"
EndProject
Project("{9A19103F-16F7-4668-BE54-9A1E7A4F7556}") = "ToDoList.Database", "ToDoList.Database\ToDoList.Database.csproj", "{4D1E1D15-CA27-4B41-9ADE-02B75B0F58C6}"
EndProject
Project("{9A19103F-16F7-4668-BE54-9A1E7A4F7556}") = "ToDoList.RestAPI", "ToDoList.RestAPI\ToDoList.RestAPI.csproj", "{B9087E21-30C2-4052-9F14-A7F92BB47DD3}"
EndProject
Project("{2150E333-8FDC-42A3-9474-1A3956D46DE8}") = "ToDoList", "ToDoList", "{99F71510-9741-4478-A083-5219402D5195}"
EndProject
Project("{9A19103F-16F7-4668-BE54-9A1E7A4F7556}") = "TraDotNetCore.Shared", "TraDotNetCore.Shared\TraDotNetCore.Shared.csproj", "{852ACFE6-F8C3-48EA-B350-43B68C0D0C15}"
EndProject
Project("{9A19103F-16F7-4668-BE54-9A1E7A4F7556}") = "TraBlogDotNet_Service.RestAPI", "TraDotNet_Service.RestAPI\TraBlogDotNet_Service.RestAPI.csproj", "{EB93FAA7-F1A6-4BC1-BD74-BACB0658B639}"
EndProject
Project("{9A19103F-16F7-4668-BE54-9A1E7A4F7556}") = "DotNetTraining.MinimalAPI", "DotNetTraining.MinimalAPI\DotNetTraining.MinimalAPI.csproj", "{DB373AA3-902E-4A64-B758-F2797A6DA92C}"
EndProject
Project("{9A19103F-16F7-4668-BE54-9A1E7A4F7556}") = "Drug_classification_DotNetCore.MinimalAPI", "Drug_classification_DotNetCore.MinimalAPI\Drug_classification_DotNetCore.MinimalAPI.csproj", "{5CB2F69E-5B8B-411B-9C1C-47FB8DC0F5D8}"
EndProject
Project("{2150E333-8FDC-42A3-9474-1A3956D46DE8}") = "K-Pay", "K-Pay", "{AE3C28F4-3A82-4A0E-AD47-EF9A2A1AA55C}"
EndProject
Project("{9A19103F-16F7-4668-BE54-9A1E7A4F7556}") = "KBZPayDotNetCore.ConsoleApp", "KBZPayDotNetCore.ConsoleApp\KBZPayDotNetCore.ConsoleApp.csproj", "{D2A74D13-7AFB-41FB-9D53-2B9959744927}"
EndProject
Project("{9A19103F-16F7-4668-BE54-9A1E7A4F7556}") = "DotNetCoreTraining.Domain", "DotNetCoreTraining.Domain\DotNetCoreTraining.Domain.csproj", "{08BEB1BC-0CAD-41CA-94DE-FC6CC0A79A6C}"
EndProject
Project("{2150E333-8FDC-42A3-9474-1A3956D46DE8}") = "Drugs", "Drugs", "{3239D18A-70BB-4B2D-A125-0DE34C9A55D0}"
EndProject
Project("{9A19103F-16F7-4668-BE54-9A1E7A4F7556}") = "KPayEfcore.Database", "KPayEfcore.Database\KPayEfcore.Database.csproj", "{DBEBD094-BFEC-4BC4-A310-B283FEFC7AAF}"
EndProject
Project("{9A19103F-16F7-4668-BE54-9A1E7A4F7556}") = "KpayDotNet.Domain", "KpayDotNet.Domain\KpayDotNet.Domain.csproj", "{73111338-24C0-4322-A716-5B3F06F00AB2}"
EndProject
Project("{FAE04EC0-301F-11D3-BF4B-00C04F79EFBC}") = "KpayDotNet.MinimalAPI", "KpayDotNet.MinimalAPI\KpayDotNet.MinimalAPI.csproj", "{018B4F37-95BA-4125-ACF7-5B21DB307D3A}"
EndProject
Global
	GlobalSection(SolutionConfigurationPlatforms) = preSolution
		Debug|Any CPU = Debug|Any CPU
		Release|Any CPU = Release|Any CPU
	EndGlobalSection
	GlobalSection(ProjectConfigurationPlatforms) = postSolution
		{66344293-F771-4DE6-A97B-E3D722A24469}.Debug|Any CPU.ActiveCfg = Debug|Any CPU
		{66344293-F771-4DE6-A97B-E3D722A24469}.Debug|Any CPU.Build.0 = Debug|Any CPU
		{66344293-F771-4DE6-A97B-E3D722A24469}.Release|Any CPU.ActiveCfg = Release|Any CPU
		{66344293-F771-4DE6-A97B-E3D722A24469}.Release|Any CPU.Build.0 = Release|Any CPU
		{EC14E88B-ED15-42AE-908A-C1B060E7F7C2}.Debug|Any CPU.ActiveCfg = Debug|Any CPU
		{EC14E88B-ED15-42AE-908A-C1B060E7F7C2}.Debug|Any CPU.Build.0 = Debug|Any CPU
		{EC14E88B-ED15-42AE-908A-C1B060E7F7C2}.Release|Any CPU.ActiveCfg = Release|Any CPU
		{EC14E88B-ED15-42AE-908A-C1B060E7F7C2}.Release|Any CPU.Build.0 = Release|Any CPU
		{A9D60C12-7F90-4A29-ACB9-982ADBFFF120}.Debug|Any CPU.ActiveCfg = Debug|Any CPU
		{A9D60C12-7F90-4A29-ACB9-982ADBFFF120}.Debug|Any CPU.Build.0 = Debug|Any CPU
		{A9D60C12-7F90-4A29-ACB9-982ADBFFF120}.Release|Any CPU.ActiveCfg = Release|Any CPU
		{A9D60C12-7F90-4A29-ACB9-982ADBFFF120}.Release|Any CPU.Build.0 = Release|Any CPU
		{E571F158-6EC9-4B93-AF49-5E04C64D8EFD}.Debug|Any CPU.ActiveCfg = Debug|Any CPU
		{E571F158-6EC9-4B93-AF49-5E04C64D8EFD}.Debug|Any CPU.Build.0 = Debug|Any CPU
		{E571F158-6EC9-4B93-AF49-5E04C64D8EFD}.Release|Any CPU.ActiveCfg = Release|Any CPU
		{E571F158-6EC9-4B93-AF49-5E04C64D8EFD}.Release|Any CPU.Build.0 = Release|Any CPU
		{DEA91A65-84A6-4FC5-AA24-F8E27BE7AC42}.Debug|Any CPU.ActiveCfg = Debug|Any CPU
		{DEA91A65-84A6-4FC5-AA24-F8E27BE7AC42}.Debug|Any CPU.Build.0 = Debug|Any CPU
		{DEA91A65-84A6-4FC5-AA24-F8E27BE7AC42}.Release|Any CPU.ActiveCfg = Release|Any CPU
		{DEA91A65-84A6-4FC5-AA24-F8E27BE7AC42}.Release|Any CPU.Build.0 = Release|Any CPU
		{4D1E1D15-CA27-4B41-9ADE-02B75B0F58C6}.Debug|Any CPU.ActiveCfg = Debug|Any CPU
		{4D1E1D15-CA27-4B41-9ADE-02B75B0F58C6}.Debug|Any CPU.Build.0 = Debug|Any CPU
		{4D1E1D15-CA27-4B41-9ADE-02B75B0F58C6}.Release|Any CPU.ActiveCfg = Release|Any CPU
		{4D1E1D15-CA27-4B41-9ADE-02B75B0F58C6}.Release|Any CPU.Build.0 = Release|Any CPU
		{B9087E21-30C2-4052-9F14-A7F92BB47DD3}.Debug|Any CPU.ActiveCfg = Debug|Any CPU
		{B9087E21-30C2-4052-9F14-A7F92BB47DD3}.Debug|Any CPU.Build.0 = Debug|Any CPU
		{B9087E21-30C2-4052-9F14-A7F92BB47DD3}.Release|Any CPU.ActiveCfg = Release|Any CPU
		{B9087E21-30C2-4052-9F14-A7F92BB47DD3}.Release|Any CPU.Build.0 = Release|Any CPU
		{852ACFE6-F8C3-48EA-B350-43B68C0D0C15}.Debug|Any CPU.ActiveCfg = Debug|Any CPU
		{852ACFE6-F8C3-48EA-B350-43B68C0D0C15}.Debug|Any CPU.Build.0 = Debug|Any CPU
		{852ACFE6-F8C3-48EA-B350-43B68C0D0C15}.Release|Any CPU.ActiveCfg = Release|Any CPU
		{852ACFE6-F8C3-48EA-B350-43B68C0D0C15}.Release|Any CPU.Build.0 = Release|Any CPU
		{EB93FAA7-F1A6-4BC1-BD74-BACB0658B639}.Debug|Any CPU.ActiveCfg = Debug|Any CPU
		{EB93FAA7-F1A6-4BC1-BD74-BACB0658B639}.Debug|Any CPU.Build.0 = Debug|Any CPU
		{EB93FAA7-F1A6-4BC1-BD74-BACB0658B639}.Release|Any CPU.ActiveCfg = Release|Any CPU
		{EB93FAA7-F1A6-4BC1-BD74-BACB0658B639}.Release|Any CPU.Build.0 = Release|Any CPU
		{DB373AA3-902E-4A64-B758-F2797A6DA92C}.Debug|Any CPU.ActiveCfg = Debug|Any CPU
		{DB373AA3-902E-4A64-B758-F2797A6DA92C}.Debug|Any CPU.Build.0 = Debug|Any CPU
		{DB373AA3-902E-4A64-B758-F2797A6DA92C}.Release|Any CPU.ActiveCfg = Release|Any CPU
		{DB373AA3-902E-4A64-B758-F2797A6DA92C}.Release|Any CPU.Build.0 = Release|Any CPU
		{5CB2F69E-5B8B-411B-9C1C-47FB8DC0F5D8}.Debug|Any CPU.ActiveCfg = Debug|Any CPU
		{5CB2F69E-5B8B-411B-9C1C-47FB8DC0F5D8}.Debug|Any CPU.Build.0 = Debug|Any CPU
		{5CB2F69E-5B8B-411B-9C1C-47FB8DC0F5D8}.Release|Any CPU.ActiveCfg = Release|Any CPU
		{5CB2F69E-5B8B-411B-9C1C-47FB8DC0F5D8}.Release|Any CPU.Build.0 = Release|Any CPU
		{D2A74D13-7AFB-41FB-9D53-2B9959744927}.Debug|Any CPU.ActiveCfg = Debug|Any CPU
		{D2A74D13-7AFB-41FB-9D53-2B9959744927}.Debug|Any CPU.Build.0 = Debug|Any CPU
		{D2A74D13-7AFB-41FB-9D53-2B9959744927}.Release|Any CPU.ActiveCfg = Release|Any CPU
		{D2A74D13-7AFB-41FB-9D53-2B9959744927}.Release|Any CPU.Build.0 = Release|Any CPU
		{08BEB1BC-0CAD-41CA-94DE-FC6CC0A79A6C}.Debug|Any CPU.ActiveCfg = Debug|Any CPU
		{08BEB1BC-0CAD-41CA-94DE-FC6CC0A79A6C}.Debug|Any CPU.Build.0 = Debug|Any CPU
		{08BEB1BC-0CAD-41CA-94DE-FC6CC0A79A6C}.Release|Any CPU.ActiveCfg = Release|Any CPU
		{08BEB1BC-0CAD-41CA-94DE-FC6CC0A79A6C}.Release|Any CPU.Build.0 = Release|Any CPU
		{DBEBD094-BFEC-4BC4-A310-B283FEFC7AAF}.Debug|Any CPU.ActiveCfg = Debug|Any CPU
		{DBEBD094-BFEC-4BC4-A310-B283FEFC7AAF}.Debug|Any CPU.Build.0 = Debug|Any CPU
		{DBEBD094-BFEC-4BC4-A310-B283FEFC7AAF}.Release|Any CPU.ActiveCfg = Release|Any CPU
		{DBEBD094-BFEC-4BC4-A310-B283FEFC7AAF}.Release|Any CPU.Build.0 = Release|Any CPU
		{73111338-24C0-4322-A716-5B3F06F00AB2}.Debug|Any CPU.ActiveCfg = Debug|Any CPU
		{73111338-24C0-4322-A716-5B3F06F00AB2}.Debug|Any CPU.Build.0 = Debug|Any CPU
		{73111338-24C0-4322-A716-5B3F06F00AB2}.Release|Any CPU.ActiveCfg = Release|Any CPU
		{73111338-24C0-4322-A716-5B3F06F00AB2}.Release|Any CPU.Build.0 = Release|Any CPU
		{018B4F37-95BA-4125-ACF7-5B21DB307D3A}.Debug|Any CPU.ActiveCfg = Debug|Any CPU
		{018B4F37-95BA-4125-ACF7-5B21DB307D3A}.Debug|Any CPU.Build.0 = Debug|Any CPU
		{018B4F37-95BA-4125-ACF7-5B21DB307D3A}.Release|Any CPU.ActiveCfg = Release|Any CPU
		{018B4F37-95BA-4125-ACF7-5B21DB307D3A}.Release|Any CPU.Build.0 = Release|Any CPU
	EndGlobalSection
	GlobalSection(SolutionProperties) = preSolution
		HideSolutionNode = FALSE
	EndGlobalSection
	GlobalSection(NestedProjects) = preSolution
		{DEA91A65-84A6-4FC5-AA24-F8E27BE7AC42} = {99F71510-9741-4478-A083-5219402D5195}
		{4D1E1D15-CA27-4B41-9ADE-02B75B0F58C6} = {99F71510-9741-4478-A083-5219402D5195}
		{B9087E21-30C2-4052-9F14-A7F92BB47DD3} = {99F71510-9741-4478-A083-5219402D5195}
		{5CB2F69E-5B8B-411B-9C1C-47FB8DC0F5D8} = {3239D18A-70BB-4B2D-A125-0DE34C9A55D0}
		{D2A74D13-7AFB-41FB-9D53-2B9959744927} = {AE3C28F4-3A82-4A0E-AD47-EF9A2A1AA55C}
		{DBEBD094-BFEC-4BC4-A310-B283FEFC7AAF} = {AE3C28F4-3A82-4A0E-AD47-EF9A2A1AA55C}
		{73111338-24C0-4322-A716-5B3F06F00AB2} = {AE3C28F4-3A82-4A0E-AD47-EF9A2A1AA55C}
		{018B4F37-95BA-4125-ACF7-5B21DB307D3A} = {AE3C28F4-3A82-4A0E-AD47-EF9A2A1AA55C}
	EndGlobalSection
	GlobalSection(ExtensibilityGlobals) = postSolution
		SolutionGuid = {26DE019A-8604-40AA-8742-7355859C4CF8}
	EndGlobalSection
EndGlobal
